
Microsoft Visual Studio Solution File, Format Version 12.00
# Visual Studio Version 17
VisualStudioVersion = 17.8.34330.188
MinimumVisualStudioVersion = 10.0.40219.1
Project("{FAE04EC0-301F-11D3-BF4B-00C04F79EFBC}") = "WpfGame", "WpfGame.csproj", "{DC762910-37D5-48D8-B8FD-190027D113D8}"
EndProject
Global
	GlobalSection(SolutionConfigurationPlatforms) = preSolution
		Debug|Any CPU = Debug|Any CPU
		Release|Any CPU = Release|Any CPU
	EndGlobalSection
	GlobalSection(ProjectConfigurationPlatforms) = postSolution
		{DC762910-37D5-48D8-B8FD-190027D113D8}.Debug|Any CPU.ActiveCfg = Debug|Any CPU
		{DC762910-37D5-48D8-B8FD-190027D113D8}.Debug|Any CPU.Build.0 = Debug|Any CPU
		{DC762910-37D5-48D8-B8FD-190027D113D8}.Release|Any CPU.ActiveCfg = Release|Any CPU
		{DC762910-37D5-48D8-B8FD-190027D113D8}.Release|Any CPU.Build.0 = Release|Any CPU
	EndGlobalSection
	GlobalSection(SolutionProperties) = preSolution
		HideSolutionNode = FALSE
	EndGlobalSection
	GlobalSection(ExtensibilityGlobals) = postSolution
		SolutionGuid = {486981E9-75A9-4401-8F76-34CF84918606}
	EndGlobalSection
EndGlobal
